
Microsoft Visual Studio Solution File, Format Version 12.00
# Visual Studio 2013
VisualStudioVersion = 12.0.31101.0
MinimumVisualStudioVersion = 10.0.40219.1
Project("{FAE04EC0-301F-11D3-BF4B-00C04F79EFBC}") = "Dorkari.Helpers.Core", "Dorkari.Helpers.Core\Dorkari.Helpers.Core.csproj", "{A6E88AB8-BAB0-411C-A814-CBBF6B5A0799}"
EndProject
Project("{FAE04EC0-301F-11D3-BF4B-00C04F79EFBC}") = "Dorkari.Helpers.Serialization", "Dorkari.Helpers.Serialization\Dorkari.Helpers.Serialization.csproj", "{A6DACAE7-2276-469D-9785-2C48A9D1E76C}"
EndProject
Project("{FAE04EC0-301F-11D3-BF4B-00C04F79EFBC}") = "Dorkari.Helpers.Files", "Dorkari.Helpers.File\Dorkari.Helpers.Files.csproj", "{FF2A3B03-AD8D-4D38-AFEA-701B00B4FE3D}"
EndProject
Project("{FAE04EC0-301F-11D3-BF4B-00C04F79EFBC}") = "Dorkari.Samples.Cmd", "Dorkari.Samples.Cmd\Dorkari.Samples.Cmd.csproj", "{70EAEB7E-A344-460D-A5A8-6AD67FE73BFD}"
EndProject
Global
	GlobalSection(SolutionConfigurationPlatforms) = preSolution
		Debug|Any CPU = Debug|Any CPU
		Release|Any CPU = Release|Any CPU
	EndGlobalSection
	GlobalSection(ProjectConfigurationPlatforms) = postSolution
		{A6E88AB8-BAB0-411C-A814-CBBF6B5A0799}.Debug|Any CPU.ActiveCfg = Debug|Any CPU
		{A6E88AB8-BAB0-411C-A814-CBBF6B5A0799}.Debug|Any CPU.Build.0 = Debug|Any CPU
		{A6E88AB8-BAB0-411C-A814-CBBF6B5A0799}.Release|Any CPU.ActiveCfg = Release|Any CPU
		{A6E88AB8-BAB0-411C-A814-CBBF6B5A0799}.Release|Any CPU.Build.0 = Release|Any CPU
		{A6DACAE7-2276-469D-9785-2C48A9D1E76C}.Debug|Any CPU.ActiveCfg = Debug|Any CPU
		{A6DACAE7-2276-469D-9785-2C48A9D1E76C}.Debug|Any CPU.Build.0 = Debug|Any CPU
		{A6DACAE7-2276-469D-9785-2C48A9D1E76C}.Release|Any CPU.ActiveCfg = Release|Any CPU
		{A6DACAE7-2276-469D-9785-2C48A9D1E76C}.Release|Any CPU.Build.0 = Release|Any CPU
		{FF2A3B03-AD8D-4D38-AFEA-701B00B4FE3D}.Debug|Any CPU.ActiveCfg = Debug|Any CPU
		{FF2A3B03-AD8D-4D38-AFEA-701B00B4FE3D}.Debug|Any CPU.Build.0 = Debug|Any CPU
		{FF2A3B03-AD8D-4D38-AFEA-701B00B4FE3D}.Release|Any CPU.ActiveCfg = Release|Any CPU
		{FF2A3B03-AD8D-4D38-AFEA-701B00B4FE3D}.Release|Any CPU.Build.0 = Release|Any CPU
		{70EAEB7E-A344-460D-A5A8-6AD67FE73BFD}.Debug|Any CPU.ActiveCfg = Debug|Any CPU
		{70EAEB7E-A344-460D-A5A8-6AD67FE73BFD}.Debug|Any CPU.Build.0 = Debug|Any CPU
		{70EAEB7E-A344-460D-A5A8-6AD67FE73BFD}.Release|Any CPU.ActiveCfg = Release|Any CPU
		{70EAEB7E-A344-460D-A5A8-6AD67FE73BFD}.Release|Any CPU.Build.0 = Release|Any CPU
	EndGlobalSection
	GlobalSection(SolutionProperties) = preSolution
		HideSolutionNode = FALSE
	EndGlobalSection
EndGlobal
